
Microsoft Visual Studio Solution File, Format Version 12.00
# Visual Studio 15
VisualStudioVersion = 15.0.28307.489
MinimumVisualStudioVersion = 10.0.40219.1
Project("{9A19103F-16F7-4668-BE54-9A1E7A4F7556}") = "LibraryProject", "LibraryProject\LibraryProject.csproj", "{5422034E-5E87-48ED-BF44-2F904C71C929}"
EndProject
Project("{9A19103F-16F7-4668-BE54-9A1E7A4F7556}") = "LibraryData", "LibraryData\LibraryData.csproj", "{CEEA5EEA-545D-458D-A6A2-2F5C2294E2A7}"
EndProject
Project("{FAE04EC0-301F-11D3-BF4B-00C04F79EFBC}") = "Library Services", "Library Services\Library Services.csproj", "{A33D7C01-2F7E-4700-99E9-E5A8B6795EE4}"
EndProject
Global
	GlobalSection(SolutionConfigurationPlatforms) = preSolution
		Debug|Any CPU = Debug|Any CPU
		Release|Any CPU = Release|Any CPU
	EndGlobalSection
	GlobalSection(ProjectConfigurationPlatforms) = postSolution
		{5422034E-5E87-48ED-BF44-2F904C71C929}.Debug|Any CPU.ActiveCfg = Debug|Any CPU
		{5422034E-5E87-48ED-BF44-2F904C71C929}.Debug|Any CPU.Build.0 = Debug|Any CPU
		{5422034E-5E87-48ED-BF44-2F904C71C929}.Release|Any CPU.ActiveCfg = Release|Any CPU
		{5422034E-5E87-48ED-BF44-2F904C71C929}.Release|Any CPU.Build.0 = Release|Any CPU
		{CEEA5EEA-545D-458D-A6A2-2F5C2294E2A7}.Debug|Any CPU.ActiveCfg = Debug|Any CPU
		{CEEA5EEA-545D-458D-A6A2-2F5C2294E2A7}.Debug|Any CPU.Build.0 = Debug|Any CPU
		{CEEA5EEA-545D-458D-A6A2-2F5C2294E2A7}.Release|Any CPU.ActiveCfg = Release|Any CPU
		{CEEA5EEA-545D-458D-A6A2-2F5C2294E2A7}.Release|Any CPU.Build.0 = Release|Any CPU
		{A33D7C01-2F7E-4700-99E9-E5A8B6795EE4}.Debug|Any CPU.ActiveCfg = Debug|Any CPU
		{A33D7C01-2F7E-4700-99E9-E5A8B6795EE4}.Debug|Any CPU.Build.0 = Debug|Any CPU
		{A33D7C01-2F7E-4700-99E9-E5A8B6795EE4}.Release|Any CPU.ActiveCfg = Release|Any CPU
		{A33D7C01-2F7E-4700-99E9-E5A8B6795EE4}.Release|Any CPU.Build.0 = Release|Any CPU
	EndGlobalSection
	GlobalSection(SolutionProperties) = preSolution
		HideSolutionNode = FALSE
	EndGlobalSection
	GlobalSection(ExtensibilityGlobals) = postSolution
		SolutionGuid = {34EDFE59-A6FA-4AB6-85DE-746B4EE2D4E0}
	EndGlobalSection
EndGlobal
